PODS:
  - Alamofire (4.5.1)
  - AWSCognito (2.6.1):
    - AWSCore (= 2.6.1)
  - AWSCore (2.6.1)
  - AWSS3 (2.6.1):
    - AWSCore (= 2.6.1)
  - ChromaColorPicker (1.5.1)
  - MagicalRecord (2.3.2):
    - MagicalRecord/Core (= 2.3.2)
  - MagicalRecord/Core (2.3.2)

DEPENDENCIES:
  - Alamofire (~> 4.4)
  - AWSCognito
  - AWSCore
  - AWSS3
  - ChromaColorPicker
  - MagicalRecord

SPEC CHECKSUMS:
  Alamofire: 2d95912bf4c34f164fdfc335872e8c312acaea4a
  AWSCognito: 9aad635e11de0febf026e8a8acbbd345b2016801
  AWSCore: e7d37fa0715def975acf1b0d75556576780088b8
  AWSS3: 2e18ede28199a5530955dc1a65434da43dcc4d2c
  ChromaColorPicker: cc7fc1d92569a8a9198fe89d9a420147e508462c
  MagicalRecord: 53bed74b4323b930992a725be713e53b37d19755

PODFILE CHECKSUM: 3ab69d38549248972cf96cce00fa20063bb2cd5d

COCOAPODS: 1.3.1
